
Microsoft Visual Studio Solution File, Format Version 12.00
# Visual Studio Version 17
VisualStudioVersion = 17.11.35303.130
MinimumVisualStudioVersion = 10.0.40219.1
Project("{9A19103F-16F7-4668-BE54-9A1E7A4F7556}") = "MedVisit.Api", "src\MedVisit.Api\MedVisit.Api.csproj", "{72DF8779-BE85-4E9E-8C41-25D3E0C7C692}"
EndProject
Project("{9A19103F-16F7-4668-BE54-9A1E7A4F7556}") = "MedVisit.AccessManagement", "src\MedVisit.AccessManagement\MedVisit.AccessManagement.csproj", "{586BA322-F3D8-4458-9D65-465647B3A1A7}"
EndProject
Project("{FAE04EC0-301F-11D3-BF4B-00C04F79EFBC}") = "MedVisit.Common.AuthDbContext", "src\MedVisit.Common.AuthDbContext\MedVisit.Common.AuthDbContext.csproj", "{A06B6E8F-FC1D-4100-9FCB-587458CCE035}"
EndProject
Project("{FAE04EC0-301F-11D3-BF4B-00C04F79EFBC}") = "MedVisit.Core", "src\MedVisit.Core\MedVisit.Core.csproj", "{A89D174D-9D7E-4328-B4B2-4E53FB6223E0}"
EndProject
Project("{FAE04EC0-301F-11D3-BF4B-00C04F79EFBC}") = "MedVisit.AuthServer", "src\MedVisit.AuthServer\MedVisit.AuthServer.csproj", "{700D415D-D449-4CDE-A263-59EF612A0B98}"
EndProject
Project("{FAE04EC0-301F-11D3-BF4B-00C04F79EFBC}") = "MedVisit.BookingService", "src\MedVisit.BookingService\MedVisit.BookingService.csproj", "{1958F78F-8201-4231-8D07-27919AEF05CD}"
EndProject
Project("{FAE04EC0-301F-11D3-BF4B-00C04F79EFBC}") = "MedVisit.PaymentService", "src\MedVisit.PaymentService\MedVisit.PaymentService.csproj", "{D52DEBDC-305A-450C-B9D4-DB0E25C46680}"
EndProject
Project("{FAE04EC0-301F-11D3-BF4B-00C04F79EFBC}") = "MedVisit.NotificationService", "src\MedVisit.NotificationService\MedVisit.NotificationService.csproj", "{DA2A919E-F044-49F1-9F5B-7ACBF79C64B6}"
EndProject
Global
	GlobalSection(SolutionConfigurationPlatforms) = preSolution
		Debug|Any CPU = Debug|Any CPU
		Release|Any CPU = Release|Any CPU
	EndGlobalSection
	GlobalSection(ProjectConfigurationPlatforms) = postSolution
		{72DF8779-BE85-4E9E-8C41-25D3E0C7C692}.Debug|Any CPU.ActiveCfg = Debug|Any CPU
		{72DF8779-BE85-4E9E-8C41-25D3E0C7C692}.Debug|Any CPU.Build.0 = Debug|Any CPU
		{72DF8779-BE85-4E9E-8C41-25D3E0C7C692}.Release|Any CPU.ActiveCfg = Release|Any CPU
		{72DF8779-BE85-4E9E-8C41-25D3E0C7C692}.Release|Any CPU.Build.0 = Release|Any CPU
		{586BA322-F3D8-4458-9D65-465647B3A1A7}.Debug|Any CPU.ActiveCfg = Debug|Any CPU
		{586BA322-F3D8-4458-9D65-465647B3A1A7}.Debug|Any CPU.Build.0 = Debug|Any CPU
		{586BA322-F3D8-4458-9D65-465647B3A1A7}.Release|Any CPU.ActiveCfg = Release|Any CPU
		{586BA322-F3D8-4458-9D65-465647B3A1A7}.Release|Any CPU.Build.0 = Release|Any CPU
		{A06B6E8F-FC1D-4100-9FCB-587458CCE035}.Debug|Any CPU.ActiveCfg = Debug|Any CPU
		{A06B6E8F-FC1D-4100-9FCB-587458CCE035}.Debug|Any CPU.Build.0 = Debug|Any CPU
		{A06B6E8F-FC1D-4100-9FCB-587458CCE035}.Release|Any CPU.ActiveCfg = Release|Any CPU
		{A06B6E8F-FC1D-4100-9FCB-587458CCE035}.Release|Any CPU.Build.0 = Release|Any CPU
		{A89D174D-9D7E-4328-B4B2-4E53FB6223E0}.Debug|Any CPU.ActiveCfg = Debug|Any CPU
		{A89D174D-9D7E-4328-B4B2-4E53FB6223E0}.Debug|Any CPU.Build.0 = Debug|Any CPU
		{A89D174D-9D7E-4328-B4B2-4E53FB6223E0}.Release|Any CPU.ActiveCfg = Release|Any CPU
		{A89D174D-9D7E-4328-B4B2-4E53FB6223E0}.Release|Any CPU.Build.0 = Release|Any CPU
		{700D415D-D449-4CDE-A263-59EF612A0B98}.Debug|Any CPU.ActiveCfg = Debug|Any CPU
		{700D415D-D449-4CDE-A263-59EF612A0B98}.Debug|Any CPU.Build.0 = Debug|Any CPU
		{700D415D-D449-4CDE-A263-59EF612A0B98}.Release|Any CPU.ActiveCfg = Release|Any CPU
		{700D415D-D449-4CDE-A263-59EF612A0B98}.Release|Any CPU.Build.0 = Release|Any CPU
		{1958F78F-8201-4231-8D07-27919AEF05CD}.Debug|Any CPU.ActiveCfg = Debug|Any CPU
		{1958F78F-8201-4231-8D07-27919AEF05CD}.Debug|Any CPU.Build.0 = Debug|Any CPU
		{1958F78F-8201-4231-8D07-27919AEF05CD}.Release|Any CPU.ActiveCfg = Release|Any CPU
		{1958F78F-8201-4231-8D07-27919AEF05CD}.Release|Any CPU.Build.0 = Release|Any CPU
		{D52DEBDC-305A-450C-B9D4-DB0E25C46680}.Debug|Any CPU.ActiveCfg = Debug|Any CPU
		{D52DEBDC-305A-450C-B9D4-DB0E25C46680}.Debug|Any CPU.Build.0 = Debug|Any CPU
		{D52DEBDC-305A-450C-B9D4-DB0E25C46680}.Release|Any CPU.ActiveCfg = Release|Any CPU
		{D52DEBDC-305A-450C-B9D4-DB0E25C46680}.Release|Any CPU.Build.0 = Release|Any CPU
		{DA2A919E-F044-49F1-9F5B-7ACBF79C64B6}.Debug|Any CPU.ActiveCfg = Debug|Any CPU
		{DA2A919E-F044-49F1-9F5B-7ACBF79C64B6}.Debug|Any CPU.Build.0 = Debug|Any CPU
		{DA2A919E-F044-49F1-9F5B-7ACBF79C64B6}.Release|Any CPU.ActiveCfg = Release|Any CPU
		{DA2A919E-F044-49F1-9F5B-7ACBF79C64B6}.Release|Any CPU.Build.0 = Release|Any CPU
	EndGlobalSection
	GlobalSection(SolutionProperties) = preSolution
		HideSolutionNode = FALSE
	EndGlobalSection
	GlobalSection(ExtensibilityGlobals) = postSolution
		SolutionGuid = {584A0808-77E6-46CA-B96B-692AC473656C}
	EndGlobalSection
EndGlobal
